
Microsoft Visual Studio Solution File, Format Version 12.00
# Visual Studio Version 16
VisualStudioVersion = 16.0.32929.386
MinimumVisualStudioVersion = 10.0.40219.1
Project("{9A19103F-16F7-4668-BE54-9A1E7A4F7556}") = "WpfApplication", "WpfApplication\WpfApplication.csproj", "{170D76A0-B880-40A4-AE02-9BAB987FB728}"
EndProject
Global
	GlobalSection(SolutionConfigurationPlatforms) = preSolution
		Debug|Any CPU = Debug|Any CPU
		Release|Any CPU = Release|Any CPU
	EndGlobalSection
	GlobalSection(ProjectConfigurationPlatforms) = postSolution
		{170D76A0-B880-40A4-AE02-9BAB987FB728}.Debug|Any CPU.ActiveCfg = Debug|Any CPU
		{170D76A0-B880-40A4-AE02-9BAB987FB728}.Debug|Any CPU.Build.0 = Debug|Any CPU
		{170D76A0-B880-40A4-AE02-9BAB987FB728}.Release|Any CPU.ActiveCfg = Release|Any CPU
		{170D76A0-B880-40A4-AE02-9BAB987FB728}.Release|Any CPU.Build.0 = Release|Any CPU
	EndGlobalSection
	GlobalSection(SolutionProperties) = preSolution
		HideSolutionNode = FALSE
	EndGlobalSection
	GlobalSection(ExtensibilityGlobals) = postSolution
		SolutionGuid = {8054C022-5439-4CF6-9A1C-C05FC96DC5C5}
	EndGlobalSection
EndGlobal
